
Microsoft Visual Studio Solution File, Format Version 12.00
# Visual Studio Version 16
VisualStudioVersion = 16.0.33214.272
MinimumVisualStudioVersion = 10.0.40219.1
Project("{FAE04EC0-301F-11D3-BF4B-00C04F79EFBC}") = "InventoryManagementSystem", "InventoryManagementSystem\InventoryManagementSystem.csproj", "{358A4394-CFA3-455A-B0C0-381B85F687A5}"
EndProject
Global
	GlobalSection(SolutionConfigurationPlatforms) = preSolution
		Debug|Any CPU = Debug|Any CPU
		Release|Any CPU = Release|Any CPU
	EndGlobalSection
	GlobalSection(ProjectConfigurationPlatforms) = postSolution
		{358A4394-CFA3-455A-B0C0-381B85F687A5}.Debug|Any CPU.ActiveCfg = Debug|Any CPU
		{358A4394-CFA3-455A-B0C0-381B85F687A5}.Debug|Any CPU.Build.0 = Debug|Any CPU
		{358A4394-CFA3-455A-B0C0-381B85F687A5}.Release|Any CPU.ActiveCfg = Release|Any CPU
		{358A4394-CFA3-455A-B0C0-381B85F687A5}.Release|Any CPU.Build.0 = Release|Any CPU
	EndGlobalSection
	GlobalSection(SolutionProperties) = preSolution
		HideSolutionNode = FALSE
	EndGlobalSection
	GlobalSection(ExtensibilityGlobals) = postSolution
		SolutionGuid = {10F89228-3F45-42CD-9720-93B713A4C8D9}
	EndGlobalSection
EndGlobal
